// !$*UTF8*$!
{
	archiveVersion = 1;
	classes = {
	};
	objectVersion = 55;
	objects = {

/* Begin PBXBuildFile section */
		36B5247229B2699700602439 /* CLPlacemark.swift in Sources */ = {isa = PBXBuildFile; fileRef = 36B5247129B2699700602439 /* CLPlacemark.swift */; };
		36B5247429B26BFC00602439 /* StateController.swift in Sources */ = {isa = PBXBuildFile; fileRef = 36B5247329B26BFC00602439 /* StateController.swift */; };
		36B5247729B2722700602439 /* ArtistResponse.swift in Sources */ = {isa = PBXBuildFile; fileRef = 36B5247629B2722700602439 /* ArtistResponse.swift */; };
		36B5247929B2726100602439 /* Artist.swift in Sources */ = {isa = PBXBuildFile; fileRef = 36B5247829B2726100602439 /* Artist.swift */; };
		36B5247B29B7DFC600602439 /* ITunesAdaptor.swift in Sources */ = {isa = PBXBuildFile; fileRef = 36B5247A29B7DFC600602439 /* ITunesAdaptor.swift */; };
		36B5247D29B7E95400602439 /* String.swift in Sources */ = {isa = PBXBuildFile; fileRef = 36B5247C29B7E95400602439 /* String.swift */; };
		36BDF20729B8E9F200D49CFE /* StringTuple.swift in Sources */ = {isa = PBXBuildFile; fileRef = 36BDF20629B8E9F200D49CFE /* StringTuple.swift */; };
		36BDF20B29B9F47D00D49CFE /* ArtistDictionary.swift in Sources */ = {isa = PBXBuildFile; fileRef = 36BDF20A29B9F47D00D49CFE /* ArtistDictionary.swift */; };
		36D607B429B11A0A00C59753 /* MusicByLocationApp.swift in Sources */ = {isa = PBXBuildFile; fileRef = 36D607B329B11A0A00C59753 /* MusicByLocationApp.swift */; };
		36D607B629B11A0A00C59753 /* ContentView.swift in Sources */ = {isa = PBXBuildFile; fileRef = 36D607B529B11A0A00C59753 /* ContentView.swift */; };
		36D607B829B11A1700C59753 /* Assets.xcassets in Resources */ = {isa = PBXBuildFile; fileRef = 36D607B729B11A1700C59753 /* Assets.xcassets */; };
		36D607BB29B11A1700C59753 /* Preview Assets.xcassets in Resources */ = {isa = PBXBuildFile; fileRef = 36D607BA29B11A1700C59753 /* Preview Assets.xcassets */; };
		36D607C529B11A1800C59753 /* MusicByLocationTests.swift in Sources */ = {isa = PBXBuildFile; fileRef = 36D607C429B11A1800C59753 /* MusicByLocationTests.swift */; };
		36D607CF29B11A1800C59753 /* MusicByLocationUITests.swift in Sources */ = {isa = PBXBuildFile; fileRef = 36D607CE29B11A1800C59753 /* MusicByLocationUITests.swift */; };
		36D607D129B11A1800C59753 /* MusicByLocationUITestsLaunchTests.swift in Sources */ = {isa = PBXBuildFile; fileRef = 36D607D029B11A1800C59753 /* MusicByLocationUITestsLaunchTests.swift */; };
		36D607DE29B11B6500C59753 /* LocationHandler.swift in Sources */ = {isa = PBXBuildFile; fileRef = 36D607DD29B11B6500C59753 /* LocationHandler.swift */; };
/* End PBXBuildFile section */

/* Begin PBXContainerItemProxy section */
		36D607C129B11A1800C59753 /* PBXContainerItemProxy */ = {
			isa = PBXContainerItemProxy;
			containerPortal = 36D607A829B11A0A00C59753 /* Project object */;
			proxyType = 1;
			remoteGlobalIDString = 36D607AF29B11A0A00C59753;
			remoteInfo = MusicByLocation;
		};
		36D607CB29B11A1800C59753 /* PBXContainerItemProxy */ = {
			isa = PBXContainerItemProxy;
			containerPortal = 36D607A829B11A0A00C59753 /* Project object */;
			proxyType = 1;
			remoteGlobalIDString = 36D607AF29B11A0A00C59753;
			remoteInfo = MusicByLocation;
		};
/* End PBXContainerItemProxy section */

/* Begin PBXFileReference section */
		36B5247129B2699700602439 /* CLPlacemark.swift */ = {isa = PBXFileReference; lastKnownFileType = sourcecode.swift; path = CLPlacemark.swift; sourceTree = "<group>"; };
		36B5247329B26BFC00602439 /* StateController.swift */ = {isa = PBXFileReference; lastKnownFileType = sourcecode.swift; path = StateController.swift; sourceTree = "<group>"; };
		36B5247629B2722700602439 /* ArtistResponse.swift */ = {isa = PBXFileReference; lastKnownFileType = sourcecode.swift; path = ArtistResponse.swift; sourceTree = "<group>"; };
		36B5247829B2726100602439 /* Artist.swift */ = {isa = PBXFileReference; lastKnownFileType = sourcecode.swift; path = Artist.swift; sourceTree = "<group>"; };
		36B5247A29B7DFC600602439 /* ITunesAdaptor.swift */ = {isa = PBXFileReference; lastKnownFileType = sourcecode.swift; path = ITunesAdaptor.swift; sourceTree = "<group>"; };
		36B5247C29B7E95400602439 /* String.swift */ = {isa = PBXFileReference; lastKnownFileType = sourcecode.swift; path = String.swift; sourceTree = "<group>"; };
		36BDF20629B8E9F200D49CFE /* StringTuple.swift */ = {isa = PBXFileReference; lastKnownFileType = sourcecode.swift; path = StringTuple.swift; sourceTree = "<group>"; };
		36BDF20A29B9F47D00D49CFE /* ArtistDictionary.swift */ = {isa = PBXFileReference; lastKnownFileType = sourcecode.swift; path = ArtistDictionary.swift; sourceTree = "<group>"; };
		36D607B029B11A0A00C59753 /* MusicByLocation.app */ = {isa = PBXFileReference; explicitFileType = wrapper.application; includeInIndex = 0; path = MusicByLocation.app; sourceTree = BUILT_PRODUCTS_DIR; };
		36D607B329B11A0A00C59753 /* MusicByLocationApp.swift */ = {isa = PBXFileReference; lastKnownFileType = sourcecode.swift; path = MusicByLocationApp.swift; sourceTree = "<group>"; };
		36D607B529B11A0A00C59753 /* ContentView.swift */ = {isa = PBXFileReference; lastKnownFileType = sourcecode.swift; path = ContentView.swift; sourceTree = "<group>"; };
		36D607B729B11A1700C59753 /* Assets.xcassets */ = {isa = PBXFileReference; lastKnownFileType = folder.assetcatalog; path = Assets.xcassets; sourceTree = "<group>"; };
		36D607BA29B11A1700C59753 /* Preview Assets.xcassets */ = {isa = PBXFileReference; lastKnownFileType = folder.assetcatalog; path = "Preview Assets.xcassets"; sourceTree = "<group>"; };
		36D607C029B11A1800C59753 /* MusicByLocationTests.xctest */ = {isa = PBXFileReference; explicitFileType = wrapper.cfbundle; includeInIndex = 0; path = MusicByLocationTests.xctest; sourceTree = BUILT_PRODUCTS_DIR; };
		36D607C429B11A1800C59753 /* MusicByLocationTests.swift */ = {isa = PBXFileReference; lastKnownFileType = sourcecode.swift; path = MusicByLocationTests.swift; sourceTree = "<group>"; };
		36D607CA29B11A1800C59753 /* MusicByLocationUITests.xctest */ = {isa = PBXFileReference; explicitFileType = wrapper.cfbundle; includeInIndex = 0; path = MusicByLocationUITests.xctest; sourceTree = BUILT_PRODUCTS_DIR; };
		36D607CE29B11A1800C59753 /* MusicByLocationUITests.swift */ = {isa = PBXFileReference; lastKnownFileType = sourcecode.swift; path = MusicByLocationUITests.swift; sourceTree = "<group>"; };
		36D607D029B11A1800C59753 /* MusicByLocationUITestsLaunchTests.swift */ = {isa = PBXFileReference; lastKnownFileType = sourcecode.swift; path = MusicByLocationUITestsLaunchTests.swift; sourceTree = "<group>"; };
		36D607DD29B11B6500C59753 /* LocationHandler.swift */ = {isa = PBXFileReference; lastKnownFileType = sourcecode.swift; path = LocationHandler.swift; sourceTree = "<group>"; };
/* End PBXFileReference section */

/* Begin PBXFrameworksBuildPhase section */
		36D607AD29B11A0A00C59753 /* Frameworks */ = {
			isa = PBXFrameworksBuildPhase;
			buildActionMask = 2147483647;
			files = (
			);
			runOnlyForDeploymentPostprocessing = 0;
		};
		36D607BD29B11A1800C59753 /* Frameworks */ = {
			isa = PBXFrameworksBuildPhase;
			buildActionMask = 2147483647;
			files = (
			);
			runOnlyForDeploymentPostprocessing = 0;
		};
		36D607C729B11A1800C59753 /* Frameworks */ = {
			isa = PBXFrameworksBuildPhase;
			buildActionMask = 2147483647;
			files = (
			);
			runOnlyForDeploymentPostprocessing = 0;
		};
/* End PBXFrameworksBuildPhase section */

/* Begin PBXGroup section */
		36B5247029B2697E00602439 /* Extensions */ = {
			isa = PBXGroup;
			children = (
				36B5247129B2699700602439 /* CLPlacemark.swift */,
				36B5247C29B7E95400602439 /* String.swift */,
			);
			path = Extensions;
			sourceTree = "<group>";
		};
		36B5247529B2720C00602439 /* Model */ = {
			isa = PBXGroup;
			children = (
				36B5247629B2722700602439 /* ArtistResponse.swift */,
				36B5247829B2726100602439 /* Artist.swift */,
				36BDF20629B8E9F200D49CFE /* StringTuple.swift */,
				36BDF20A29B9F47D00D49CFE /* ArtistDictionary.swift */,
			);
			path = Model;
			sourceTree = "<group>";
		};
		36D607A729B11A0A00C59753 = {
			isa = PBXGroup;
			children = (
				36D607B229B11A0A00C59753 /* MusicByLocation */,
				36D607C329B11A1800C59753 /* MusicByLocationTests */,
				36D607CD29B11A1800C59753 /* MusicByLocationUITests */,
				36D607B129B11A0A00C59753 /* Products */,
			);
			sourceTree = "<group>";
		};
		36D607B129B11A0A00C59753 /* Products */ = {
			isa = PBXGroup;
			children = (
				36D607B029B11A0A00C59753 /* MusicByLocation.app */,
				36D607C029B11A1800C59753 /* MusicByLocationTests.xctest */,
				36D607CA29B11A1800C59753 /* MusicByLocationUITests.xctest */,
			);
			name = Products;
			sourceTree = "<group>";
		};
		36D607B229B11A0A00C59753 /* MusicByLocation */ = {
			isa = PBXGroup;
			children = (
				36B5247529B2720C00602439 /* Model */,
				36B5247029B2697E00602439 /* Extensions */,
				36D607B329B11A0A00C59753 /* MusicByLocationApp.swift */,
				36D607B529B11A0A00C59753 /* ContentView.swift */,
				36D607B729B11A1700C59753 /* Assets.xcassets */,
				36D607B929B11A1700C59753 /* Preview Content */,
				36D607DD29B11B6500C59753 /* LocationHandler.swift */,
				36B5247329B26BFC00602439 /* StateController.swift */,
				36B5247A29B7DFC600602439 /* ITunesAdaptor.swift */,
			);
			path = MusicByLocation;
			sourceTree = "<group>";
		};
		36D607B929B11A1700C59753 /* Preview Content */ = {
			isa = PBXGroup;
			children = (
				36D607BA29B11A1700C59753 /* Preview Assets.xcassets */,
			);
			path = "Preview Content";
			sourceTree = "<group>";
		};
		36D607C329B11A1800C59753 /* MusicByLocationTests */ = {
			isa = PBXGroup;
			children = (
				36D607C429B11A1800C59753 /* MusicByLocationTests.swift */,
			);
			path = MusicByLocationTests;
			sourceTree = "<group>";
		};
		36D607CD29B11A1800C59753 /* MusicByLocationUITests */ = {
			isa = PBXGroup;
			children = (
				36D607CE29B11A1800C59753 /* MusicByLocationUITests.swift */,
				36D607D029B11A1800C59753 /* MusicByLocationUITestsLaunchTests.swift */,
			);
			path = MusicByLocationUITests;
			sourceTree = "<group>";
		};
/* End PBXGroup section */

/* Begin PBXNativeTarget section */
		36D607AF29B11A0A00C59753 /* MusicByLocation */ = {
			isa = PBXNativeTarget;
			buildConfigurationList = 36D607D429B11A1800C59753 /* Build configuration list for PBXNativeTarget "MusicByLocation" */;
			buildPhases = (
				36D607AC29B11A0A00C59753 /* Sources */,
				36D607AD29B11A0A00C59753 /* Frameworks */,
				36D607AE29B11A0A00C59753 /* Resources */,
			);
			buildRules = (
			);
			dependencies = (
			);
			name = MusicByLocation;
			productName = MusicByLocation;
			productReference = 36D607B029B11A0A00C59753 /* MusicByLocation.app */;
			productType = "com.apple.product-type.application";
		};
		36D607BF29B11A1800C59753 /* MusicByLocationTests */ = {
			isa = PBXNativeTarget;
			buildConfigurationList = 36D607D729B11A1800C59753 /* Build configuration list for PBXNativeTarget "MusicByLocationTests" */;
			buildPhases = (
				36D607BC29B11A1800C59753 /* Sources */,
				36D607BD29B11A1800C59753 /* Frameworks */,
				36D607BE29B11A1800C59753 /* Resources */,
			);
			buildRules = (
			);
			dependencies = (
				36D607C229B11A1800C59753 /* PBXTargetDependency */,
			);
			name = MusicByLocationTests;
			productName = MusicByLocationTests;
			productReference = 36D607C029B11A1800C59753 /* MusicByLocationTests.xctest */;
			productType = "com.apple.product-type.bundle.unit-test";
		};
		36D607C929B11A1800C59753 /* MusicByLocationUITests */ = {
			isa = PBXNativeTarget;
			buildConfigurationList = 36D607DA29B11A1800C59753 /* Build configuration list for PBXNativeTarget "MusicByLocationUITests" */;
			buildPhases = (
				36D607C629B11A1800C59753 /* Sources */,
				36D607C729B11A1800C59753 /* Frameworks */,
				36D607C829B11A1800C59753 /* Resources */,
			);
			buildRules = (
			);
			dependencies = (
				36D607CC29B11A1800C59753 /* PBXTargetDependency */,
			);
			name = MusicByLocationUITests;
			productName = MusicByLocationUITests;
			productReference = 36D607CA29B11A1800C59753 /* MusicByLocationUITests.xctest */;
			productType = "com.apple.product-type.bundle.ui-testing";
		};
/* End PBXNativeTarget section */

/* Begin PBXProject section */
		36D607A829B11A0A00C59753 /* Project object */ = {
			isa = PBXProject;
			attributes = {
				BuildIndependentTargetsInParallel = 1;
				LastSwiftUpdateCheck = 1320;
				LastUpgradeCheck = 1320;
				TargetAttributes = {
					36D607AF29B11A0A00C59753 = {
						CreatedOnToolsVersion = 13.2.1;
					};
					36D607BF29B11A1800C59753 = {
						CreatedOnToolsVersion = 13.2.1;
						TestTargetID = 36D607AF29B11A0A00C59753;
					};
					36D607C929B11A1800C59753 = {
						CreatedOnToolsVersion = 13.2.1;
						TestTargetID = 36D607AF29B11A0A00C59753;
					};
				};
			};
			buildConfigurationList = 36D607AB29B11A0A00C59753 /* Build configuration list for PBXProject "MusicByLocation" */;
			compatibilityVersion = "Xcode 13.0";
			developmentRegion = en;
			hasScannedForEncodings = 0;
			knownRegions = (
				en,
				Base,
			);
			mainGroup = 36D607A729B11A0A00C59753;
			productRefGroup = 36D607B129B11A0A00C59753 /* Products */;
			projectDirPath = "";
			projectRoot = "";
			targets = (
				36D607AF29B11A0A00C59753 /* MusicByLocation */,
				36D607BF29B11A1800C59753 /* MusicByLocationTests */,
				36D607C929B11A1800C59753 /* MusicByLocationUITests */,
			);
		};
/* End PBXProject section */

/* Begin PBXResourcesBuildPhase section */
		36D607AE29B11A0A00C59753 /* Resources */ = {
			isa = PBXResourcesBuildPhase;
			buildActionMask = 2147483647;
			files = (
				36D607BB29B11A1700C59753 /* Preview Assets.xcassets in Resources */,
				36D607B829B11A1700C59753 /* Assets.xcassets in Resources */,
			);
			runOnlyForDeploymentPostprocessing = 0;
		};
		36D607BE29B11A1800C59753 /* Resources */ = {
			isa = PBXResourcesBuildPhase;
			buildActionMask = 2147483647;
			files = (
			);
			runOnlyForDeploymentPostprocessing = 0;
		};
		36D607C829B11A1800C59753 /* Resources */ = {
			isa = PBXResourcesBuildPhase;
			buildActionMask = 2147483647;
			files = (
			);
			runOnlyForDeploymentPostprocessing = 0;
		};
/* End PBXResourcesBuildPhase section */

/* Begin PBXSourcesBuildPhase section */
		36D607AC29B11A0A00C59753 /* Sources */ = {
			isa = PBXSourcesBuildPhase;
			buildActionMask = 2147483647;
			files = (
				36D607DE29B11B6500C59753 /* LocationHandler.swift in Sources */,
				36B5247B29B7DFC600602439 /* ITunesAdaptor.swift in Sources */,
				36D607B629B11A0A00C59753 /* ContentView.swift in Sources */,
				36B5247D29B7E95400602439 /* String.swift in Sources */,
				36BDF20729B8E9F200D49CFE /* StringTuple.swift in Sources */,
				36B5247929B2726100602439 /* Artist.swift in Sources */,
				36BDF20B29B9F47D00D49CFE /* ArtistDictionary.swift in Sources */,
				36D607B429B11A0A00C59753 /* MusicByLocationApp.swift in Sources */,
				36B5247229B2699700602439 /* CLPlacemark.swift in Sources */,
				36B5247429B26BFC00602439 /* StateController.swift in Sources */,
				36B5247729B2722700602439 /* ArtistResponse.swift in Sources */,
			);
			runOnlyForDeploymentPostprocessing = 0;
		};
		36D607BC29B11A1800C59753 /* Sources */ = {
			isa = PBXSourcesBuildPhase;
			buildActionMask = 2147483647;
			files = (
				36D607C529B11A1800C59753 /* MusicByLocationTests.swift in Sources */,
			);
			runOnlyForDeploymentPostprocessing = 0;
		};
		36D607C629B11A1800C59753 /* Sources */ = {
			isa = PBXSourcesBuildPhase;
			buildActionMask = 2147483647;
			files = (
				36D607D129B11A1800C59753 /* MusicByLocationUITestsLaunchTests.swift in Sources */,
				36D607CF29B11A1800C59753 /* MusicByLocationUITests.swift in Sources */,
			);
			runOnlyForDeploymentPostprocessing = 0;
		};
/* End PBXSourcesBuildPhase section */

/* Begin PBXTargetDependency section */
		36D607C229B11A1800C59753 /* PBXTargetDependency */ = {
			isa = PBXTargetDependency;
			target = 36D607AF29B11A0A00C59753 /* MusicByLocation */;
			targetProxy = 36D607C129B11A1800C59753 /* PBXContainerItemProxy */;
		};
		36D607CC29B11A1800C59753 /* PBXTargetDependency */ = {
			isa = PBXTargetDependency;
			target = 36D607AF29B11A0A00C59753 /* MusicByLocation */;
			targetProxy = 36D607CB29B11A1800C59753 /* PBXContainerItemProxy */;
		};
/* End PBXTargetDependency section */

/* Begin XCBuildConfiguration section */
		36D607D229B11A1800C59753 /* Debug */ = {
			isa = XCBuildConfiguration;
			buildSettings = {
				ALWAYS_SEARCH_USER_PATHS = NO;
				CLANG_ANALYZER_NONNULL = YES;
				CLANG_ANALYZER_NUMBER_OBJECT_CONVERSION = YES_AGGRESSIVE;
				CLANG_CXX_LANGUAGE_STANDARD = "gnu++17";
				CLANG_CXX_LIBRARY = "libc++";
				CLANG_ENABLE_MODULES = YES;
				CLANG_ENABLE_OBJC_ARC = YES;
				CLANG_ENABLE_OBJC_WEAK = YES;
				CLANG_WARN_BLOCK_CAPTURE_AUTORELEASING = YES;
				CLANG_WARN_BOOL_CONVERSION = YES;
				CLANG_WARN_COMMA = YES;
				CLANG_WARN_CONSTANT_CONVERSION = YES;
				CLANG_WARN_DEPRECATED_OBJC_IMPLEMENTATIONS = YES;
				CLANG_WARN_DIRECT_OBJC_ISA_USAGE = YES_ERROR;
				CLANG_WARN_DOCUMENTATION_COMMENTS = YES;
				CLANG_WARN_EMPTY_BODY = YES;
				CLANG_WARN_ENUM_CONVERSION = YES;
				CLANG_WARN_INFINITE_RECURSION = YES;
				CLANG_WARN_INT_CONVERSION = YES;
				CLANG_WARN_NON_LITERAL_NULL_CONVERSION = YES;
				CLANG_WARN_OBJC_IMPLICIT_RETAIN_SELF = YES;
				CLANG_WARN_OBJC_LITERAL_CONVERSION = YES;
				CLANG_WARN_OBJC_ROOT_CLASS = YES_ERROR;
				CLANG_WARN_QUOTED_INCLUDE_IN_FRAMEWORK_HEADER = YES;
				CLANG_WARN_RANGE_LOOP_ANALYSIS = YES;
				CLANG_WARN_STRICT_PROTOTYPES = YES;
				CLANG_WARN_SUSPICIOUS_MOVE = YES;
				CLANG_WARN_UNGUARDED_AVAILABILITY = YES_AGGRESSIVE;
				CLANG_WARN_UNREACHABLE_CODE = YES;
				CLANG_WARN__DUPLICATE_METHOD_MATCH = YES;
				COPY_PHASE_STRIP = NO;
				DEBUG_INFORMATION_FORMAT = dwarf;
				ENABLE_STRICT_OBJC_MSGSEND = YES;
				ENABLE_TESTABILITY = YES;
				GCC_C_LANGUAGE_STANDARD = gnu11;
				GCC_DYNAMIC_NO_PIC = NO;
				GCC_NO_COMMON_BLOCKS = YES;
				GCC_OPTIMIZATION_LEVEL = 0;
				GCC_PREPROCESSOR_DEFINITIONS = (
					"DEBUG=1",
					"$(inherited)",
				);
				GCC_WARN_64_TO_32_BIT_CONVERSION = YES;
				GCC_WARN_ABOUT_RETURN_TYPE = YES_ERROR;
				GCC_WARN_UNDECLARED_SELECTOR = YES;
				GCC_WARN_UNINITIALIZED_AUTOS = YES_AGGRESSIVE;
				GCC_WARN_UNUSED_FUNCTION = YES;
				GCC_WARN_UNUSED_VARIABLE = YES;
				IPHONEOS_DEPLOYMENT_TARGET = 15.2;
				MTL_ENABLE_DEBUG_INFO = INCLUDE_SOURCE;
				MTL_FAST_MATH = YES;
				ONLY_ACTIVE_ARCH = YES;
				SDKROOT = iphoneos;
				SWIFT_ACTIVE_COMPILATION_CONDITIONS = DEBUG;
				SWIFT_OPTIMIZATION_LEVEL = "-Onone";
			};
			name = Debug;
		};
		36D607D329B11A1800C59753 /* Release */ = {
			isa = XCBuildConfiguration;
			buildSettings = {
				ALWAYS_SEARCH_USER_PATHS = NO;
				CLANG_ANALYZER_NONNULL = YES;
				CLANG_ANALYZER_NUMBER_OBJECT_CONVERSION = YES_AGGRESSIVE;
				CLANG_CXX_LANGUAGE_STANDARD = "gnu++17";
				CLANG_CXX_LIBRARY = "libc++";
				CLANG_ENABLE_MODULES = YES;
				CLANG_ENABLE_OBJC_ARC = YES;
				CLANG_ENABLE_OBJC_WEAK = YES;
				CLANG_WARN_BLOCK_CAPTURE_AUTORELEASING = YES;
				CLANG_WARN_BOOL_CONVERSION = YES;
				CLANG_WARN_COMMA = YES;
				CLANG_WARN_CONSTANT_CONVERSION = YES;
				CLANG_WARN_DEPRECATED_OBJC_IMPLEMENTATIONS = YES;
				CLANG_WARN_DIRECT_OBJC_ISA_USAGE = YES_ERROR;
				CLANG_WARN_DOCUMENTATION_COMMENTS = YES;
				CLANG_WARN_EMPTY_BODY = YES;
				CLANG_WARN_ENUM_CONVERSION = YES;
				CLANG_WARN_INFINITE_RECURSION = YES;
				CLANG_WARN_INT_CONVERSION = YES;
				CLANG_WARN_NON_LITERAL_NULL_CONVERSION = YES;
				CLANG_WARN_OBJC_IMPLICIT_RETAIN_SELF = YES;
				CLANG_WARN_OBJC_LITERAL_CONVERSION = YES;
				CLANG_WARN_OBJC_ROOT_CLASS = YES_ERROR;
				CLANG_WARN_QUOTED_INCLUDE_IN_FRAMEWORK_HEADER = YES;
				CLANG_WARN_RANGE_LOOP_ANALYSIS = YES;
				CLANG_WARN_STRICT_PROTOTYPES = YES;
				CLANG_WARN_SUSPICIOUS_MOVE = YES;
				CLANG_WARN_UNGUARDED_AVAILABILITY = YES_AGGRESSIVE;
				CLANG_WARN_UNREACHABLE_CODE = YES;
				CLANG_WARN__DUPLICATE_METHOD_MATCH = YES;
				COPY_PHASE_STRIP = NO;
				DEBUG_INFORMATION_FORMAT = "dwarf-with-dsym";
				ENABLE_NS_ASSERTIONS = NO;
				ENABLE_STRICT_OBJC_MSGSEND = YES;
				GCC_C_LANGUAGE_STANDARD = gnu11;
				GCC_NO_COMMON_BLOCKS = YES;
				GCC_WARN_64_TO_32_BIT_CONVERSION = YES;
				GCC_WARN_ABOUT_RETURN_TYPE = YES_ERROR;
				GCC_WARN_UNDECLARED_SELECTOR = YES;
				GCC_WARN_UNINITIALIZED_AUTOS = YES_AGGRESSIVE;
				GCC_WARN_UNUSED_FUNCTION = YES;
				GCC_WARN_UNUSED_VARIABLE = YES;
				IPHONEOS_DEPLOYMENT_TARGET = 15.2;
				MTL_ENABLE_DEBUG_INFO = NO;
				MTL_FAST_MATH = YES;
				SDKROOT = iphoneos;
				SWIFT_COMPILATION_MODE = wholemodule;
				SWIFT_OPTIMIZATION_LEVEL = "-O";
				VALIDATE_PRODUCT = YES;
			};
			name = Release;
		};
		36D607D529B11A1800C59753 /* Debug */ = {
			isa = XCBuildConfiguration;
			buildSettings = {
				ASSETCATALOG_COMPILER_APPICON_NAME = AppIcon;
				ASSETCATALOG_COMPILER_GLOBAL_ACCENT_COLOR_NAME = AccentColor;
				CODE_SIGN_STYLE = Automatic;
				CURRENT_PROJECT_VERSION = 1;
				DEVELOPMENT_ASSET_PATHS = "\"MusicByLocation/Preview Content\"";
				DEVELOPMENT_TEAM = TQUVX6HW85;
				ENABLE_PREVIEWS = YES;
				GENERATE_INFOPLIST_FILE = YES;
				INFOPLIST_KEY_NSLocationWhenInUseUsageDescription = "This app needs your location to find your favourite tunes!";
				INFOPLIST_KEY_UIApplicationSceneManifest_Generation = YES;
				INFOPLIST_KEY_UIApplicationSupportsIndirectInputEvents = YES;
				INFOPLIST_KEY_UILaunchScreen_Generation = YES;
				INFOPLIST_KEY_UISupportedInterfaceOrientations_iPad = "UIInterfaceOrientationPortrait UIInterfaceOrientationPortraitUpsideDown UIInterfaceOrientationLandscapeLeft UIInterfaceOrientationLandscapeRight";
				INFOPLIST_KEY_UISupportedInterfaceOrientations_iPhone = "UIInterfaceOrientationPortrait UIInterfaceOrientationLandscapeLeft UIInterfaceOrientationLandscapeRight";
				LD_RUNPATH_SEARCH_PATHS = (
					"$(inherited)",
					"@executable_path/Frameworks",
				);
				MARKETING_VERSION = 1.0;
				PRODUCT_BUNDLE_IDENTIFIER = "com.HammondL-05.MusicByLocation";
				PRODUCT_NAME = "$(TARGET_NAME)";
				SWIFT_EMIT_LOC_STRINGS = YES;
				SWIFT_VERSION = 5.0;
				TARGETED_DEVICE_FAMILY = "1,2";
			};
			name = Debug;
		};
		36D607D629B11A1800C59753 /* Release */ = {
			isa = XCBuildConfiguration;
			buildSettings = {
				ASSETCATALOG_COMPILER_APPICON_NAME = AppIcon;
				ASSETCATALOG_COMPILER_GLOBAL_ACCENT_COLOR_NAME = AccentColor;
				CODE_SIGN_STYLE = Automatic;
				CURRENT_PROJECT_VERSION = 1;
				DEVELOPMENT_ASSET_PATHS = "\"MusicByLocation/Preview Content\"";
				DEVELOPMENT_TEAM = TQUVX6HW85;
				ENABLE_PREVIEWS = YES;
				GENERATE_INFOPLIST_FILE = YES;
				INFOPLIST_KEY_NSLocationWhenInUseUsageDescription = "This app needs your location to find your favourite tunes!";
				INFOPLIST_KEY_UIApplicationSceneManifest_Generation = YES;
				INFOPLIST_KEY_UIApplicationSupportsIndirectInputEvents = YES;
				INFOPLIST_KEY_UILaunchScreen_Generation = YES;
				INFOPLIST_KEY_UISupportedInterfaceOrientations_iPad = "UIInterfaceOrientationPortrait UIInterfaceOrientationPortraitUpsideDown UIInterfaceOrientationLandscapeLeft UIInterfaceOrientationLandscapeRight";
				INFOPLIST_KEY_UISupportedInterfaceOrientations_iPhone = "UIInterfaceOrientationPortrait UIInterfaceOrientationLandscapeLeft UIInterfaceOrientationLandscapeRight";
				LD_RUNPATH_SEARCH_PATHS = (
					"$(inherited)",
					"@executable_path/Frameworks",
				);
				MARKETING_VERSION = 1.0;
				PRODUCT_BUNDLE_IDENTIFIER = "com.HammondL-05.MusicByLocation";
				PRODUCT_NAME = "$(TARGET_NAME)";
				SWIFT_EMIT_LOC_STRINGS = YES;
				SWIFT_VERSION = 5.0;
				TARGETED_DEVICE_FAMILY = "1,2";
			};
			name = Release;
		};
		36D607D829B11A1800C59753 /* Debug */ = {
			isa = XCBuildConfiguration;
			buildSettings = {
				ALWAYS_EMBED_SWIFT_STANDARD_LIBRARIES = YES;
				BUNDLE_LOADER = "$(TEST_HOST)";
				CODE_SIGN_STYLE = Automatic;
				CURRENT_PROJECT_VERSION = 1;
				DEVELOPMENT_TEAM = TQUVX6HW85;
				GENERATE_INFOPLIST_FILE = YES;
				IPHONEOS_DEPLOYMENT_TARGET = 15.2;
				MARKETING_VERSION = 1.0;
				PRODUCT_BUNDLE_IDENTIFIER = "com.HammondL-05.MusicByLocationTests";
				PRODUCT_NAME = "$(TARGET_NAME)";
				SWIFT_EMIT_LOC_STRINGS = NO;
				SWIFT_VERSION = 5.0;
				TARGETED_DEVICE_FAMILY = "1,2";
				TEST_HOST = "$(BUILT_PRODUCTS_DIR)/MusicByLocation.app/MusicByLocation";
			};
			name = Debug;
		};
		36D607D929B11A1800C59753 /* Release */ = {
			isa = XCBuildConfiguration;
			buildSettings = {
				ALWAYS_EMBED_SWIFT_STANDARD_LIBRARIES = YES;
				BUNDLE_LOADER = "$(TEST_HOST)";
				CODE_SIGN_STYLE = Automatic;
				CURRENT_PROJECT_VERSION = 1;
				DEVELOPMENT_TEAM = TQUVX6HW85;
				GENERATE_INFOPLIST_FILE = YES;
				IPHONEOS_DEPLOYMENT_TARGET = 15.2;
				MARKETING_VERSION = 1.0;
				PRODUCT_BUNDLE_IDENTIFIER = "com.HammondL-05.MusicByLocationTests";
				PRODUCT_NAME = "$(TARGET_NAME)";
				SWIFT_EMIT_LOC_STRINGS = NO;
				SWIFT_VERSION = 5.0;
				TARGETED_DEVICE_FAMILY = "1,2";
				TEST_HOST = "$(BUILT_PRODUCTS_DIR)/MusicByLocation.app/MusicByLocation";
			};
			name = Release;
		};
		36D607DB29B11A1800C59753 /* Debug */ = {
			isa = XCBuildConfiguration;
			buildSettings = {
				ALWAYS_EMBED_SWIFT_STANDARD_LIBRARIES = YES;
				CODE_SIGN_STYLE = Automatic;
				CURRENT_PROJECT_VERSION = 1;
				DEVELOPMENT_TEAM = TQUVX6HW85;
				GENERATE_INFOPLIST_FILE = YES;
				MARKETING_VERSION = 1.0;
				PRODUCT_BUNDLE_IDENTIFIER = "com.HammondL-05.MusicByLocationUITests";
				PRODUCT_NAME = "$(TARGET_NAME)";
				SWIFT_EMIT_LOC_STRINGS = NO;
				SWIFT_VERSION = 5.0;
				TARGETED_DEVICE_FAMILY = "1,2";
				TEST_TARGET_NAME = MusicByLocation;
			};
			name = Debug;
		};
		36D607DC29B11A1800C59753 /* Release */ = {
			isa = XCBuildConfiguration;
			buildSettings = {
				ALWAYS_EMBED_SWIFT_STANDARD_LIBRARIES = YES;
				CODE_SIGN_STYLE = Automatic;
				CURRENT_PROJECT_VERSION = 1;
				DEVELOPMENT_TEAM = TQUVX6HW85;
				GENERATE_INFOPLIST_FILE = YES;
				MARKETING_VERSION = 1.0;
				PRODUCT_BUNDLE_IDENTIFIER = "com.HammondL-05.MusicByLocationUITests";
				PRODUCT_NAME = "$(TARGET_NAME)";
				SWIFT_EMIT_LOC_STRINGS = NO;
				SWIFT_VERSION = 5.0;
				TARGETED_DEVICE_FAMILY = "1,2";
				TEST_TARGET_NAME = MusicByLocation;
			};
			name = Release;
		};
/* End XCBuildConfiguration section */

/* Begin XCConfigurationList section */
		36D607AB29B11A0A00C59753 /* Build configuration list for PBXProject "MusicByLocation" */ = {
			isa = XCConfigurationList;
			buildConfigurations = (
				36D607D229B11A1800C59753 /* Debug */,
				36D607D329B11A1800C59753 /* Release */,
			);
			defaultConfigurationIsVisible = 0;
			defaultConfigurationName = Release;
		};
		36D607D429B11A1800C59753 /* Build configuration list for PBXNativeTarget "MusicByLocation" */ = {
			isa = XCConfigurationList;
			buildConfigurations = (
				36D607D529B11A1800C59753 /* Debug */,
				36D607D629B11A1800C59753 /* Release */,
			);
			defaultConfigurationIsVisible = 0;
			defaultConfigurationName = Release;
		};
		36D607D729B11A1800C59753 /* Build configuration list for PBXNativeTarget "MusicByLocationTests" */ = {
			isa = XCConfigurationList;
			buildConfigurations = (
				36D607D829B11A1800C59753 /* Debug */,
				36D607D929B11A1800C59753 /* Release */,
			);
			defaultConfigurationIsVisible = 0;
			defaultConfigurationName = Release;
		};
		36D607DA29B11A1800C59753 /* Build configuration list for PBXNativeTarget "MusicByLocationUITests" */ = {
			isa = XCConfigurationList;
			buildConfigurations = (
				36D607DB29B11A1800C59753 /* Debug */,
				36D607DC29B11A1800C59753 /* Release */,
			);
			defaultConfigurationIsVisible = 0;
			defaultConfigurationName = Release;
		};
/* End XCConfigurationList section */
	};
	rootObject = 36D607A829B11A0A00C59753 /* Project object */;
}
